
Microsoft Visual Studio Solution File, Format Version 12.00
# Visual Studio Version 17
VisualStudioVersion = 17.4.32804.182
MinimumVisualStudioVersion = 10.0.40219.1
Project("{FAE04EC0-301F-11D3-BF4B-00C04F79EFBC}") = "To-Do App", "To-Do App\To-Do App.csproj", "{37A1C6B6-9EAB-4D23-B38E-5C4B981F5302}"
EndProject
Global
	GlobalSection(SolutionConfigurationPlatforms) = preSolution
		Debug|Any CPU = Debug|Any CPU
		Release|Any CPU = Release|Any CPU
	EndGlobalSection
	GlobalSection(ProjectConfigurationPlatforms) = postSolution
		{37A1C6B6-9EAB-4D23-B38E-5C4B981F5302}.Debug|Any CPU.ActiveCfg = Debug|Any CPU
		{37A1C6B6-9EAB-4D23-B38E-5C4B981F5302}.Debug|Any CPU.Build.0 = Debug|Any CPU
		{37A1C6B6-9EAB-4D23-B38E-5C4B981F5302}.Release|Any CPU.ActiveCfg = Release|Any CPU
		{37A1C6B6-9EAB-4D23-B38E-5C4B981F5302}.Release|Any CPU.Build.0 = Release|Any CPU
	EndGlobalSection
	GlobalSection(SolutionProperties) = preSolution
		HideSolutionNode = FALSE
	EndGlobalSection
	GlobalSection(ExtensibilityGlobals) = postSolution
		SolutionGuid = {5CBC6DFD-21F0-4FA1-A813-6FDA8C8C1D73}
	EndGlobalSection
EndGlobal
